
Microsoft Visual Studio Solution File, Format Version 12.00
# Visual Studio Version 16
VisualStudioVersion = 16.0.30225.117
MinimumVisualStudioVersion = 10.0.40219.1
Project("{FAE04EC0-301F-11D3-BF4B-00C04F79EFBC}") = "VST-Synth", "VST-Synth.csproj", "{D44E3BDD-6B21-4B8F-B1F7-3F1DD9B78126}"
EndProject
Global
	GlobalSection(SolutionConfigurationPlatforms) = preSolution
		Debug|Any CPU = Debug|Any CPU
		Release|Any CPU = Release|Any CPU
	EndGlobalSection
	GlobalSection(ProjectConfigurationPlatforms) = postSolution
		{D44E3BDD-6B21-4B8F-B1F7-3F1DD9B78126}.Debug|Any CPU.ActiveCfg = Debug|Any CPU
		{D44E3BDD-6B21-4B8F-B1F7-3F1DD9B78126}.Debug|Any CPU.Build.0 = Debug|Any CPU
		{D44E3BDD-6B21-4B8F-B1F7-3F1DD9B78126}.Release|Any CPU.ActiveCfg = Release|Any CPU
		{D44E3BDD-6B21-4B8F-B1F7-3F1DD9B78126}.Release|Any CPU.Build.0 = Release|Any CPU
	EndGlobalSection
	GlobalSection(SolutionProperties) = preSolution
		HideSolutionNode = FALSE
	EndGlobalSection
	GlobalSection(ExtensibilityGlobals) = postSolution
		SolutionGuid = {E652A4B4-9621-47EC-901D-7FAA3E319DED}
	EndGlobalSection
EndGlobal
